// !$*UTF8*$!
{
	archiveVersion = 1;
	classes = {
	};
	objectVersion = 56;
	objects = {

/* Begin PBXBuildFile section */
		C513BDD62BC2E0B900F6793F /* ExpenseTrackerApp.swift in Sources */ = {isa = PBXBuildFile; fileRef = C513BDD52BC2E0B900F6793F /* ExpenseTrackerApp.swift */; };
		C513BDD82BC2E0B900F6793F /* ContentView.swift in Sources */ = {isa = PBXBuildFile; fileRef = C513BDD72BC2E0B900F6793F /* ContentView.swift */; };
		C513BDDA2BC2E0BA00F6793F /* Assets.xcassets in Resources */ = {isa = PBXBuildFile; fileRef = C513BDD92BC2E0BA00F6793F /* Assets.xcassets */; };
		C513BDDD2BC2E0BA00F6793F /* Preview Assets.xcassets in Resources */ = {isa = PBXBuildFile; fileRef = C513BDDC2BC2E0BA00F6793F /* Preview Assets.xcassets */; };
		C55A2DFB2BC45188000E6879 /* AddExpenseView.swift in Sources */ = {isa = PBXBuildFile; fileRef = C55A2DFA2BC45188000E6879 /* AddExpenseView.swift */; };
		C58B14522BC30AA00022ADCA /* Category.swift in Sources */ = {isa = PBXBuildFile; fileRef = C58B14512BC30AA00022ADCA /* Category.swift */; };
		C58B14542BC30AAD0022ADCA /* Expense.swift in Sources */ = {isa = PBXBuildFile; fileRef = C58B14532BC30AAD0022ADCA /* Expense.swift */; };
		C58B14562BC30AB80022ADCA /* GroupedExpense.swift in Sources */ = {isa = PBXBuildFile; fileRef = C58B14552BC30AB80022ADCA /* GroupedExpense.swift */; };
		C58B14582BC30AC30022ADCA /* CategoryView.swift in Sources */ = {isa = PBXBuildFile; fileRef = C58B14572BC30AC30022ADCA /* CategoryView.swift */; };
		C58B145A2BC30AD90022ADCA /* ExpenseView.swift in Sources */ = {isa = PBXBuildFile; fileRef = C58B14592BC30AD90022ADCA /* ExpenseView.swift */; };
		C5F9E1392BC492F200BF2120 /* ExpenseCardView.swift in Sources */ = {isa = PBXBuildFile; fileRef = C5F9E1382BC492F200BF2120 /* ExpenseCardView.swift */; };
/* End PBXBuildFile section */

/* Begin PBXFileReference section */
		C513BDD22BC2E0B900F6793F /* ExpenseTracker.app */ = {isa = PBXFileReference; explicitFileType = wrapper.application; includeInIndex = 0; path = ExpenseTracker.app; sourceTree = BUILT_PRODUCTS_DIR; };
		C513BDD52BC2E0B900F6793F /* ExpenseTrackerApp.swift */ = {isa = PBXFileReference; lastKnownFileType = sourcecode.swift; path = ExpenseTrackerApp.swift; sourceTree = "<group>"; };
		C513BDD72BC2E0B900F6793F /* ContentView.swift */ = {isa = PBXFileReference; lastKnownFileType = sourcecode.swift; path = ContentView.swift; sourceTree = "<group>"; };
		C513BDD92BC2E0BA00F6793F /* Assets.xcassets */ = {isa = PBXFileReference; lastKnownFileType = folder.assetcatalog; path = Assets.xcassets; sourceTree = "<group>"; };
		C513BDDC2BC2E0BA00F6793F /* Preview Assets.xcassets */ = {isa = PBXFileReference; lastKnownFileType = folder.assetcatalog; path = "Preview Assets.xcassets"; sourceTree = "<group>"; };
		C55A2DFA2BC45188000E6879 /* AddExpenseView.swift */ = {isa = PBXFileReference; lastKnownFileType = sourcecode.swift; path = AddExpenseView.swift; sourceTree = "<group>"; };
		C58B14512BC30AA00022ADCA /* Category.swift */ = {isa = PBXFileReference; lastKnownFileType = sourcecode.swift; path = Category.swift; sourceTree = "<group>"; };
		C58B14532BC30AAD0022ADCA /* Expense.swift */ = {isa = PBXFileReference; lastKnownFileType = sourcecode.swift; path = Expense.swift; sourceTree = "<group>"; };
		C58B14552BC30AB80022ADCA /* GroupedExpense.swift */ = {isa = PBXFileReference; lastKnownFileType = sourcecode.swift; path = GroupedExpense.swift; sourceTree = "<group>"; };
		C58B14572BC30AC30022ADCA /* CategoryView.swift */ = {isa = PBXFileReference; lastKnownFileType = sourcecode.swift; path = CategoryView.swift; sourceTree = "<group>"; };
		C58B14592BC30AD90022ADCA /* ExpenseView.swift */ = {isa = PBXFileReference; lastKnownFileType = sourcecode.swift; path = ExpenseView.swift; sourceTree = "<group>"; };
		C5F9E1382BC492F200BF2120 /* ExpenseCardView.swift */ = {isa = PBXFileReference; lastKnownFileType = sourcecode.swift; path = ExpenseCardView.swift; sourceTree = "<group>"; };
/* End PBXFileReference section */

/* Begin PBXFrameworksBuildPhase section */
		C513BDCF2BC2E0B900F6793F /* Frameworks */ = {
			isa = PBXFrameworksBuildPhase;
			buildActionMask = 2147483647;
			files = (
			);
			runOnlyForDeploymentPostprocessing = 0;
		};
/* End PBXFrameworksBuildPhase section */

/* Begin PBXGroup section */
		C513BDC92BC2E0B900F6793F = {
			isa = PBXGroup;
			children = (
				C513BDD42BC2E0B900F6793F /* ExpenseTracker */,
				C513BDD32BC2E0B900F6793F /* Products */,
			);
			sourceTree = "<group>";
		};
		C513BDD32BC2E0B900F6793F /* Products */ = {
			isa = PBXGroup;
			children = (
				C513BDD22BC2E0B900F6793F /* ExpenseTracker.app */,
			);
			name = Products;
			sourceTree = "<group>";
		};
		C513BDD42BC2E0B900F6793F /* ExpenseTracker */ = {
			isa = PBXGroup;
			children = (
				C58B144F2BC30A8E0022ADCA /* Model */,
				C58B14502BC30A910022ADCA /* View */,
				C513BDD52BC2E0B900F6793F /* ExpenseTrackerApp.swift */,
				C513BDD72BC2E0B900F6793F /* ContentView.swift */,
				C513BDD92BC2E0BA00F6793F /* Assets.xcassets */,
				C513BDDB2BC2E0BA00F6793F /* Preview Content */,
			);
			path = ExpenseTracker;
			sourceTree = "<group>";
		};
		C513BDDB2BC2E0BA00F6793F /* Preview Content */ = {
			isa = PBXGroup;
			children = (
				C513BDDC2BC2E0BA00F6793F /* Preview Assets.xcassets */,
			);
			path = "Preview Content";
			sourceTree = "<group>";
		};
		C58B144F2BC30A8E0022ADCA /* Model */ = {
			isa = PBXGroup;
			children = (
				C58B14532BC30AAD0022ADCA /* Expense.swift */,
				C58B14512BC30AA00022ADCA /* Category.swift */,
				C58B14552BC30AB80022ADCA /* GroupedExpense.swift */,
			);
			path = Model;
			sourceTree = "<group>";
		};
		C58B14502BC30A910022ADCA /* View */ = {
			isa = PBXGroup;
			children = (
				C58B14592BC30AD90022ADCA /* ExpenseView.swift */,
				C58B14572BC30AC30022ADCA /* CategoryView.swift */,
				C55A2DFA2BC45188000E6879 /* AddExpenseView.swift */,
				C5F9E1382BC492F200BF2120 /* ExpenseCardView.swift */,
			);
			path = View;
			sourceTree = "<group>";
		};
/* End PBXGroup section */

/* Begin PBXNativeTarget section */
		C513BDD12BC2E0B900F6793F /* ExpenseTracker */ = {
			isa = PBXNativeTarget;
			buildConfigurationList = C513BDE02BC2E0BA00F6793F /* Build configuration list for PBXNativeTarget "ExpenseTracker" */;
			buildPhases = (
				C513BDCE2BC2E0B900F6793F /* Sources */,
				C513BDCF2BC2E0B900F6793F /* Frameworks */,
				C513BDD02BC2E0B900F6793F /* Resources */,
			);
			buildRules = (
			);
			dependencies = (
			);
			name = ExpenseTracker;
			productName = ExpenseTracker;
			productReference = C513BDD22BC2E0B900F6793F /* ExpenseTracker.app */;
			productType = "com.apple.product-type.application";
		};
/* End PBXNativeTarget section */

/* Begin PBXProject section */
		C513BDCA2BC2E0B900F6793F /* Project object */ = {
			isa = PBXProject;
			attributes = {
				BuildIndependentTargetsInParallel = 1;
				LastSwiftUpdateCheck = 1530;
				LastUpgradeCheck = 1530;
				TargetAttributes = {
					C513BDD12BC2E0B900F6793F = {
						CreatedOnToolsVersion = 15.3;
					};
				};
			};
			buildConfigurationList = C513BDCD2BC2E0B900F6793F /* Build configuration list for PBXProject "ExpenseTracker" */;
			compatibilityVersion = "Xcode 14.0";
			developmentRegion = en;
			hasScannedForEncodings = 0;
			knownRegions = (
				en,
				Base,
			);
			mainGroup = C513BDC92BC2E0B900F6793F;
			productRefGroup = C513BDD32BC2E0B900F6793F /* Products */;
			projectDirPath = "";
			projectRoot = "";
			targets = (
				C513BDD12BC2E0B900F6793F /* ExpenseTracker */,
			);
		};
/* End PBXProject section */

/* Begin PBXResourcesBuildPhase section */
		C513BDD02BC2E0B900F6793F /* Resources */ = {
			isa = PBXResourcesBuildPhase;
			buildActionMask = 2147483647;
			files = (
				C513BDDD2BC2E0BA00F6793F /* Preview Assets.xcassets in Resources */,
				C513BDDA2BC2E0BA00F6793F /* Assets.xcassets in Resources */,
			);
			runOnlyForDeploymentPostprocessing = 0;
		};
/* End PBXResourcesBuildPhase section */

/* Begin PBXSourcesBuildPhase section */
		C513BDCE2BC2E0B900F6793F /* Sources */ = {
			isa = PBXSourcesBuildPhase;
			buildActionMask = 2147483647;
			files = (
				C58B14542BC30AAD0022ADCA /* Expense.swift in Sources */,
				C58B14562BC30AB80022ADCA /* GroupedExpense.swift in Sources */,
				C58B14582BC30AC30022ADCA /* CategoryView.swift in Sources */,
				C55A2DFB2BC45188000E6879 /* AddExpenseView.swift in Sources */,
				C5F9E1392BC492F200BF2120 /* ExpenseCardView.swift in Sources */,
				C58B145A2BC30AD90022ADCA /* ExpenseView.swift in Sources */,
				C513BDD82BC2E0B900F6793F /* ContentView.swift in Sources */,
				C513BDD62BC2E0B900F6793F /* ExpenseTrackerApp.swift in Sources */,
				C58B14522BC30AA00022ADCA /* Category.swift in Sources */,
			);
			runOnlyForDeploymentPostprocessing = 0;
		};
/* End PBXSourcesBuildPhase section */

/* Begin XCBuildConfiguration section */
		C513BDDE2BC2E0BA00F6793F /* Debug */ = {
			isa = XCBuildConfiguration;
			buildSettings = {
				ALWAYS_SEARCH_USER_PATHS = NO;
				ASSETCATALOG_COMPILER_GENERATE_SWIFT_ASSET_SYMBOL_EXTENSIONS = YES;
				CLANG_ANALYZER_NONNULL = YES;
				CLANG_ANALYZER_NUMBER_OBJECT_CONVERSION = YES_AGGRESSIVE;
				CLANG_CXX_LANGUAGE_STANDARD = "gnu++20";
				CLANG_ENABLE_MODULES = YES;
				CLANG_ENABLE_OBJC_ARC = YES;
				CLANG_ENABLE_OBJC_WEAK = YES;
				CLANG_WARN_BLOCK_CAPTURE_AUTORELEASING = YES;
				CLANG_WARN_BOOL_CONVERSION = YES;
				CLANG_WARN_COMMA = YES;
				CLANG_WARN_CONSTANT_CONVERSION = YES;
				CLANG_WARN_DEPRECATED_OBJC_IMPLEMENTATIONS = YES;
				CLANG_WARN_DIRECT_OBJC_ISA_USAGE = YES_ERROR;
				CLANG_WARN_DOCUMENTATION_COMMENTS = YES;
				CLANG_WARN_EMPTY_BODY = YES;
				CLANG_WARN_ENUM_CONVERSION = YES;
				CLANG_WARN_INFINITE_RECURSION = YES;
				CLANG_WARN_INT_CONVERSION = YES;
				CLANG_WARN_NON_LITERAL_NULL_CONVERSION = YES;
				CLANG_WARN_OBJC_IMPLICIT_RETAIN_SELF = YES;
				CLANG_WARN_OBJC_LITERAL_CONVERSION = YES;
				CLANG_WARN_OBJC_ROOT_CLASS = YES_ERROR;
				CLANG_WARN_QUOTED_INCLUDE_IN_FRAMEWORK_HEADER = YES;
				CLANG_WARN_RANGE_LOOP_ANALYSIS = YES;
				CLANG_WARN_STRICT_PROTOTYPES = YES;
				CLANG_WARN_SUSPICIOUS_MOVE = YES;
				CLANG_WARN_UNGUARDED_AVAILABILITY = YES_AGGRESSIVE;
				CLANG_WARN_UNREACHABLE_CODE = YES;
				CLANG_WARN__DUPLICATE_METHOD_MATCH = YES;
				COPY_PHASE_STRIP = NO;
				DEBUG_INFORMATION_FORMAT = dwarf;
				ENABLE_STRICT_OBJC_MSGSEND = YES;
				ENABLE_TESTABILITY = YES;
				ENABLE_USER_SCRIPT_SANDBOXING = YES;
				GCC_C_LANGUAGE_STANDARD = gnu17;
				GCC_DYNAMIC_NO_PIC = NO;
				GCC_NO_COMMON_BLOCKS = YES;
				GCC_OPTIMIZATION_LEVEL = 0;
				GCC_PREPROCESSOR_DEFINITIONS = (
					"DEBUG=1",
					"$(inherited)",
				);
				GCC_WARN_64_TO_32_BIT_CONVERSION = YES;
				GCC_WARN_ABOUT_RETURN_TYPE = YES_ERROR;
				GCC_WARN_UNDECLARED_SELECTOR = YES;
				GCC_WARN_UNINITIALIZED_AUTOS = YES_AGGRESSIVE;
				GCC_WARN_UNUSED_FUNCTION = YES;
				GCC_WARN_UNUSED_VARIABLE = YES;
				IPHONEOS_DEPLOYMENT_TARGET = 17.4;
				LOCALIZATION_PREFERS_STRING_CATALOGS = YES;
				MTL_ENABLE_DEBUG_INFO = INCLUDE_SOURCE;
				MTL_FAST_MATH = YES;
				ONLY_ACTIVE_ARCH = YES;
				SDKROOT = iphoneos;
				SWIFT_ACTIVE_COMPILATION_CONDITIONS = "DEBUG $(inherited)";
				SWIFT_OPTIMIZATION_LEVEL = "-Onone";
			};
			name = Debug;
		};
		C513BDDF2BC2E0BA00F6793F /* Release */ = {
			isa = XCBuildConfiguration;
			buildSettings = {
				ALWAYS_SEARCH_USER_PATHS = NO;
				ASSETCATALOG_COMPILER_GENERATE_SWIFT_ASSET_SYMBOL_EXTENSIONS = YES;
				CLANG_ANALYZER_NONNULL = YES;
				CLANG_ANALYZER_NUMBER_OBJECT_CONVERSION = YES_AGGRESSIVE;
				CLANG_CXX_LANGUAGE_STANDARD = "gnu++20";
				CLANG_ENABLE_MODULES = YES;
				CLANG_ENABLE_OBJC_ARC = YES;
				CLANG_ENABLE_OBJC_WEAK = YES;
				CLANG_WARN_BLOCK_CAPTURE_AUTORELEASING = YES;
				CLANG_WARN_BOOL_CONVERSION = YES;
				CLANG_WARN_COMMA = YES;
				CLANG_WARN_CONSTANT_CONVERSION = YES;
				CLANG_WARN_DEPRECATED_OBJC_IMPLEMENTATIONS = YES;
				CLANG_WARN_DIRECT_OBJC_ISA_USAGE = YES_ERROR;
				CLANG_WARN_DOCUMENTATION_COMMENTS = YES;
				CLANG_WARN_EMPTY_BODY = YES;
				CLANG_WARN_ENUM_CONVERSION = YES;
				CLANG_WARN_INFINITE_RECURSION = YES;
				CLANG_WARN_INT_CONVERSION = YES;
				CLANG_WARN_NON_LITERAL_NULL_CONVERSION = YES;
				CLANG_WARN_OBJC_IMPLICIT_RETAIN_SELF = YES;
				CLANG_WARN_OBJC_LITERAL_CONVERSION = YES;
				CLANG_WARN_OBJC_ROOT_CLASS = YES_ERROR;
				CLANG_WARN_QUOTED_INCLUDE_IN_FRAMEWORK_HEADER = YES;
				CLANG_WARN_RANGE_LOOP_ANALYSIS = YES;
				CLANG_WARN_STRICT_PROTOTYPES = YES;
				CLANG_WARN_SUSPICIOUS_MOVE = YES;
				CLANG_WARN_UNGUARDED_AVAILABILITY = YES_AGGRESSIVE;
				CLANG_WARN_UNREACHABLE_CODE = YES;
				CLANG_WARN__DUPLICATE_METHOD_MATCH = YES;
				COPY_PHASE_STRIP = NO;
				DEBUG_INFORMATION_FORMAT = "dwarf-with-dsym";
				ENABLE_NS_ASSERTIONS = NO;
				ENABLE_STRICT_OBJC_MSGSEND = YES;
				ENABLE_USER_SCRIPT_SANDBOXING = YES;
				GCC_C_LANGUAGE_STANDARD = gnu17;
				GCC_NO_COMMON_BLOCKS = YES;
				GCC_WARN_64_TO_32_BIT_CONVERSION = YES;
				GCC_WARN_ABOUT_RETURN_TYPE = YES_ERROR;
				GCC_WARN_UNDECLARED_SELECTOR = YES;
				GCC_WARN_UNINITIALIZED_AUTOS = YES_AGGRESSIVE;
				GCC_WARN_UNUSED_FUNCTION = YES;
				GCC_WARN_UNUSED_VARIABLE = YES;
				IPHONEOS_DEPLOYMENT_TARGET = 17.4;
				LOCALIZATION_PREFERS_STRING_CATALOGS = YES;
				MTL_ENABLE_DEBUG_INFO = NO;
				MTL_FAST_MATH = YES;
				SDKROOT = iphoneos;
				SWIFT_COMPILATION_MODE = wholemodule;
				VALIDATE_PRODUCT = YES;
			};
			name = Release;
		};
		C513BDE12BC2E0BA00F6793F /* Debug */ = {
			isa = XCBuildConfiguration;
			buildSettings = {
				ASSETCATALOG_COMPILER_APPICON_NAME = AppIcon;
				ASSETCATALOG_COMPILER_GLOBAL_ACCENT_COLOR_NAME = AccentColor;
				CODE_SIGN_STYLE = Automatic;
				CURRENT_PROJECT_VERSION = 1;
				DEVELOPMENT_ASSET_PATHS = "\"ExpenseTracker/Preview Content\"";
				DEVELOPMENT_TEAM = 7X6L2P522Z;
				ENABLE_PREVIEWS = YES;
				GENERATE_INFOPLIST_FILE = YES;
				INFOPLIST_KEY_UIApplicationSceneManifest_Generation = YES;
				INFOPLIST_KEY_UIApplicationSupportsIndirectInputEvents = YES;
				INFOPLIST_KEY_UILaunchScreen_Generation = YES;
				INFOPLIST_KEY_UISupportedInterfaceOrientations_iPad = "UIInterfaceOrientationPortrait UIInterfaceOrientationPortraitUpsideDown UIInterfaceOrientationLandscapeLeft UIInterfaceOrientationLandscapeRight";
				INFOPLIST_KEY_UISupportedInterfaceOrientations_iPhone = "UIInterfaceOrientationPortrait UIInterfaceOrientationLandscapeLeft UIInterfaceOrientationLandscapeRight";
				LD_RUNPATH_SEARCH_PATHS = (
					"$(inherited)",
					"@executable_path/Frameworks",
				);
				MARKETING_VERSION = 1.0;
				PRODUCT_BUNDLE_IDENTIFIER = name.adilrahmani.ExpenseTracker;
				PRODUCT_NAME = "$(TARGET_NAME)";
				SWIFT_EMIT_LOC_STRINGS = YES;
				SWIFT_VERSION = 5.0;
				TARGETED_DEVICE_FAMILY = "1,2";
			};
			name = Debug;
		};
		C513BDE22BC2E0BA00F6793F /* Release */ = {
			isa = XCBuildConfiguration;
			buildSettings = {
				ASSETCATALOG_COMPILER_APPICON_NAME = AppIcon;
				ASSETCATALOG_COMPILER_GLOBAL_ACCENT_COLOR_NAME = AccentColor;
				CODE_SIGN_STYLE = Automatic;
				CURRENT_PROJECT_VERSION = 1;
				DEVELOPMENT_ASSET_PATHS = "\"ExpenseTracker/Preview Content\"";
				DEVELOPMENT_TEAM = 7X6L2P522Z;
				ENABLE_PREVIEWS = YES;
				GENERATE_INFOPLIST_FILE = YES;
				INFOPLIST_KEY_UIApplicationSceneManifest_Generation = YES;
				INFOPLIST_KEY_UIApplicationSupportsIndirectInputEvents = YES;
				INFOPLIST_KEY_UILaunchScreen_Generation = YES;
				INFOPLIST_KEY_UISupportedInterfaceOrientations_iPad = "UIInterfaceOrientationPortrait UIInterfaceOrientationPortraitUpsideDown UIInterfaceOrientationLandscapeLeft UIInterfaceOrientationLandscapeRight";
				INFOPLIST_KEY_UISupportedInterfaceOrientations_iPhone = "UIInterfaceOrientationPortrait UIInterfaceOrientationLandscapeLeft UIInterfaceOrientationLandscapeRight";
				LD_RUNPATH_SEARCH_PATHS = (
					"$(inherited)",
					"@executable_path/Frameworks",
				);
				MARKETING_VERSION = 1.0;
				PRODUCT_BUNDLE_IDENTIFIER = name.adilrahmani.ExpenseTracker;
				PRODUCT_NAME = "$(TARGET_NAME)";
				SWIFT_EMIT_LOC_STRINGS = YES;
				SWIFT_VERSION = 5.0;
				TARGETED_DEVICE_FAMILY = "1,2";
			};
			name = Release;
		};
/* End XCBuildConfiguration section */

/* Begin XCConfigurationList section */
		C513BDCD2BC2E0B900F6793F /* Build configuration list for PBXProject "ExpenseTracker" */ = {
			isa = XCConfigurationList;
			buildConfigurations = (
				C513BDDE2BC2E0BA00F6793F /* Debug */,
				C513BDDF2BC2E0BA00F6793F /* Release */,
			);
			defaultConfigurationIsVisible = 0;
			defaultConfigurationName = Release;
		};
		C513BDE02BC2E0BA00F6793F /* Build configuration list for PBXNativeTarget "ExpenseTracker" */ = {
			isa = XCConfigurationList;
			buildConfigurations = (
				C513BDE12BC2E0BA00F6793F /* Debug */,
				C513BDE22BC2E0BA00F6793F /* Release */,
			);
			defaultConfigurationIsVisible = 0;
			defaultConfigurationName = Release;
		};
/* End XCConfigurationList section */
	};
	rootObject = C513BDCA2BC2E0B900F6793F /* Project object */;
}
